<?xml version="1.0" encoding="utf-8"?>
<Project ToolsVersion="4.0" xmlns="http://schemas.microsoft.com/developer/msbuild/2003">
  <ItemGroup>
    <Filter Include="Source Files">
      <UniqueIdentifier>{4FC737F1-C7A5-4376-A066-2A32D752A2FF}</UniqueIdentifier>
      <Extensions>cpp;c;cc;cxx;def;odl;idl;hpj;bat;asm;asmx</Extensions>
    </Filter>
    <Filter Include="Header Files">
      <UniqueIdentifier>{93995380-89BD-4b04-88EB-625FBE52EBFB}</UniqueIdentifier>
      <Extensions>h;hpp;hxx;hm;inl;inc;xsd</Extensions>
    </Filter>
    <Filter Include="Source Files\Resource Files">
      <UniqueIdentifier>{67DA6AB6-F800-4c08-8B7A-83BB121AAD01}</UniqueIdentifier>
      <Extensions>rc;ico;cur;bmp;dlg;rc2;rct;bin;rgs;gif;jpg;jpeg;jpe;resx;tiff;tif;png;wav;mfcribbon-ms</Extensions>
    </Filter>
  </ItemGroup>
  <ItemGroup>
    <ClCompile Include="main.cpp">
      <Filter>Source Files</Filter>
    </ClCompile>
    <ClCompile Include="..\102598005_ERD\AddComponentCommand.cpp">
      <Filter>Header Files</Filter>
    </ClCompile>
    <ClCompile Include="..\102598005_ERD\AttributeNode.cpp">
      <Filter>Header Files</Filter>
    </ClCompile>
    <ClCompile Include="..\102598005_ERD\Command.cpp">
      <Filter>Header Files</Filter>
    </ClCompile>
    <ClCompile Include="..\102598005_ERD\CommandManager.cpp">
      <Filter>Header Files</Filter>
    </ClCompile>
    <ClCompile Include="..\102598005_ERD\ComponentFactory.cpp">
      <Filter>Header Files</Filter>
    </ClCompile>
    <ClCompile Include="..\102598005_ERD\ConnectComponentCommand.cpp">
      <Filter>Header Files</Filter>
    </ClCompile>
    <ClCompile Include="..\102598005_ERD\Connector.cpp">
      <Filter>Header Files</Filter>
    </ClCompile>
    <ClCompile Include="..\102598005_ERD\DeleteComponentCommand.cpp">
      <Filter>Header Files</Filter>
    </ClCompile>
    <ClCompile Include="..\102598005_ERD\EntityNode.cpp">
      <Filter>Header Files</Filter>
    </ClCompile>
    <ClCompile Include="..\102598005_ERD\ERComponent.cpp">
      <Filter>Header Files</Filter>
    </ClCompile>
    <ClCompile Include="..\102598005_ERD\ERModel.cpp">
      <Filter>Header Files</Filter>
    </ClCompile>
    <ClCompile Include="..\102598005_ERD\Node.cpp">
      <Filter>Header Files</Filter>
    </ClCompile>
    <ClCompile Include="..\102598005_ERD\Parser.cpp">
      <Filter>Header Files</Filter>
    </ClCompile>
    <ClCompile Include="..\102598005_ERD\PresentationModel.cpp">
      <Filter>Header Files</Filter>
    </ClCompile>
    <ClCompile Include="..\102598005_ERD\RelationNode.cpp">
      <Filter>Header Files</Filter>
    </ClCompile>
    <ClCompile Include="..\102598005_ERD\TextUI.cpp">
      <Filter>Header Files</Filter>
    </ClCompile>
    <ClCompile Include="EntityNodeTest.cpp">
      <Filter>Source Files</Filter>
    </ClCompile>
    <ClCompile Include="AttributeNodeTest.cpp">
      <Filter>Source Files</Filter>
    </ClCompile>
    <ClCompile Include="RelationNodeTest.cpp">
      <Filter>Source Files</Filter>
    </ClCompile>
    <ClCompile Include="ConnectorTest.cpp">
      <Filter>Source Files</Filter>
    </ClCompile>
    <ClCompile Include="ComponentFactoryTest.cpp">
      <Filter>Source Files</Filter>
    </ClCompile>
    <ClCompile Include="ERModelTest.cpp">
      <Filter>Source Files</Filter>
    </ClCompile>
    <ClCompile Include="AddComponentCommandTest.cpp">
      <Filter>Source Files</Filter>
    </ClCompile>
    <ClCompile Include="DeleteComponentCommandTest.cpp">
      <Filter>Source Files</Filter>
    </ClCompile>
    <ClCompile Include="ConnectComponentCommandTest.cpp">
      <Filter>Source Files</Filter>
    </ClCompile>
    <ClCompile Include="CommandManagerTest.cpp">
      <Filter>Source Files</Filter>
    </ClCompile>
    <ClCompile Include="PresentationModelTest.cpp">
      <Filter>Source Files</Filter>
    </ClCompile>
    <ClCompile Include="ParserTest.cpp">
      <Filter>Source Files</Filter>
    </ClCompile>
    <ClCompile Include="IntegrationTest.cpp">
      <Filter>Source Files</Filter>
    </ClCompile>
    <ClCompile Include="..\102598005_ERD\AddNodeState.cpp">
      <Filter>Header Files</Filter>
    </ClCompile>
    <ClCompile Include="..\102598005_ERD\ConnectState.cpp">
      <Filter>Header Files</Filter>
    </ClCompile>
    <ClCompile Include="..\102598005_ERD\PointerState.cpp">
      <Filter>Header Files</Filter>
    </ClCompile>
    <ClCompile Include="..\102598005_ERD\State.cpp">
      <Filter>Header Files</Filter>
    </ClCompile>
    <ClCompile Include="..\102598005_ERD\GraphicsAttribute.cpp">
      <Filter>Header Files</Filter>
    </ClCompile>
    <ClCompile Include="..\102598005_ERD\GraphicsRelation.cpp">
      <Filter>Header Files</Filter>
    </ClCompile>
    <ClCompile Include="..\102598005_ERD\GraphicsConnector.cpp">
      <Filter>Header Files</Filter>
    </ClCompile>
    <ClCompile Include="..\102598005_ERD\GraphicsEntity.cpp">
      <Filter>Header Files</Filter>
    </ClCompile>
    <ClCompile Include="..\102598005_ERD\GraphicsItem.cpp">
      <Filter>Header Files</Filter>
    </ClCompile>
    <ClCompile Include="..\102598005_ERD\GraphicsScene.cpp">
      <Filter>Header Files</Filter>
    </ClCompile>
    <ClCompile Include="..\102598005_ERD\Observer.cpp">
      <Filter>Header Files</Filter>
    </ClCompile>
    <ClCompile Include="..\102598005_ERD\Subject.cpp">
      <Filter>Header Files</Filter>
    </ClCompile>
    <ClCompile Include="..\102598005_ERD\SetPrimaryKeyState.cpp">
      <Filter>Header Files</Filter>
    </ClCompile>
    <ClCompile Include="..\102598005_ERD\EditTextCommand.cpp">
      <Filter>Header Files</Filter>
    </ClCompile>
    <ClCompile Include="..\102598005_ERD\SetPrimaryKeyCommand.cpp">
      <Filter>Header Files</Filter>
    </ClCompile>
  </ItemGroup>
</Project>